
Microsoft Visual Studio Solution File, Format Version 12.00
# Visual Studio Version 17
VisualStudioVersion = 17.0.31912.275
MinimumVisualStudioVersion = 10.0.40219.1
Project("{9A19103F-16F7-4668-BE54-9A1E7A4F7556}") = "StringManager", "StringManager\StringManager.csproj", "{B0DE5037-3D95-4B74-950D-32A4A2559239}"
EndProject
Project("{9A19103F-16F7-4668-BE54-9A1E7A4F7556}") = "StringManager.DataAccess", "StringManager.DataAccess\StringManager.DataAccess.csproj", "{AA7884FA-A8D6-43BF-A747-809BD8CD5C2E}"
EndProject
Project("{9A19103F-16F7-4668-BE54-9A1E7A4F7556}") = "StringManager.Core", "StringManager.Core\StringManager.Core.csproj", "{342D5177-02F2-4DE5-B887-B885DC128327}"
EndProject
Project("{9A19103F-16F7-4668-BE54-9A1E7A4F7556}") = "StringManager.Services", "StringManager.Services\StringManager.Services.csproj", "{28F9F80D-9502-429D-8971-FC0594543597}"
EndProject
Project("{FAE04EC0-301F-11D3-BF4B-00C04F79EFBC}") = "StringManager.Tests", "StringManager.Tests\StringManager.Tests.csproj", "{0853A632-B700-4842-AAF4-077774CD4155}"
EndProject
Global
	GlobalSection(SolutionConfigurationPlatforms) = preSolution
		Debug|Any CPU = Debug|Any CPU
		Release|Any CPU = Release|Any CPU
	EndGlobalSection
	GlobalSection(ProjectConfigurationPlatforms) = postSolution
		{B0DE5037-3D95-4B74-950D-32A4A2559239}.Debug|Any CPU.ActiveCfg = Debug|Any CPU
		{B0DE5037-3D95-4B74-950D-32A4A2559239}.Debug|Any CPU.Build.0 = Debug|Any CPU
		{B0DE5037-3D95-4B74-950D-32A4A2559239}.Release|Any CPU.ActiveCfg = Release|Any CPU
		{B0DE5037-3D95-4B74-950D-32A4A2559239}.Release|Any CPU.Build.0 = Release|Any CPU
		{AA7884FA-A8D6-43BF-A747-809BD8CD5C2E}.Debug|Any CPU.ActiveCfg = Debug|Any CPU
		{AA7884FA-A8D6-43BF-A747-809BD8CD5C2E}.Debug|Any CPU.Build.0 = Debug|Any CPU
		{AA7884FA-A8D6-43BF-A747-809BD8CD5C2E}.Release|Any CPU.ActiveCfg = Release|Any CPU
		{AA7884FA-A8D6-43BF-A747-809BD8CD5C2E}.Release|Any CPU.Build.0 = Release|Any CPU
		{342D5177-02F2-4DE5-B887-B885DC128327}.Debug|Any CPU.ActiveCfg = Debug|Any CPU
		{342D5177-02F2-4DE5-B887-B885DC128327}.Debug|Any CPU.Build.0 = Debug|Any CPU
		{342D5177-02F2-4DE5-B887-B885DC128327}.Release|Any CPU.ActiveCfg = Release|Any CPU
		{342D5177-02F2-4DE5-B887-B885DC128327}.Release|Any CPU.Build.0 = Release|Any CPU
		{28F9F80D-9502-429D-8971-FC0594543597}.Debug|Any CPU.ActiveCfg = Debug|Any CPU
		{28F9F80D-9502-429D-8971-FC0594543597}.Debug|Any CPU.Build.0 = Debug|Any CPU
		{28F9F80D-9502-429D-8971-FC0594543597}.Release|Any CPU.ActiveCfg = Release|Any CPU
		{28F9F80D-9502-429D-8971-FC0594543597}.Release|Any CPU.Build.0 = Release|Any CPU
		{0853A632-B700-4842-AAF4-077774CD4155}.Debug|Any CPU.ActiveCfg = Debug|Any CPU
		{0853A632-B700-4842-AAF4-077774CD4155}.Debug|Any CPU.Build.0 = Debug|Any CPU
		{0853A632-B700-4842-AAF4-077774CD4155}.Release|Any CPU.ActiveCfg = Release|Any CPU
		{0853A632-B700-4842-AAF4-077774CD4155}.Release|Any CPU.Build.0 = Release|Any CPU
	EndGlobalSection
	GlobalSection(SolutionProperties) = preSolution
		HideSolutionNode = FALSE
	EndGlobalSection
	GlobalSection(ExtensibilityGlobals) = postSolution
		SolutionGuid = {3E51B28F-9040-4941-913F-26E76E7AEE34}
	EndGlobalSection
EndGlobal
